dependencies:
- name: common
  repository: https://charts.bitnami.com/bitnami
  version: 2.27.0
- name: kube-prometheus-stack
  repository: https://prometheus-community.github.io/helm-charts
  version: 69.8.2
- name: loki
  repository: https://grafana.github.io/helm-charts
  version: 6.28.0
- name: promtail
  repository: https://grafana.github.io/helm-charts
  version: 6.16.6
digest: sha256:4226456fc573e4d64e2c3f4430db190e12ccbb8a3c3c5b716f6da31512278c61
generated: "2025-03-11T22:08:20.713745+01:00"
