dependencies:
- name: common
  repository: https://charts.bitnami.com/bitnami
  version: 2.27.0
- name: kube-prometheus-stack
  repository: https://prometheus-community.github.io/helm-charts
  version: 69.8.2
- name: loki
  repository: https://grafana.github.io/helm-charts
  version: 6.28.0
- name: alloy
  repository: https://grafana.github.io/helm-charts
  version: 0.12.3
digest: sha256:15e3e0db373ed174d4d9837ca086068a2cf61e4545388555f74e130452dff2c4
generated: "2025-03-12T07:23:18.717972+01:00"
